<?xml version="1.0" encoding="utf-8"?>
<Project ToolsVersion="4.0" xmlns="http://schemas.microsoft.com/developer/msbuild/2003">
  <ItemGroup>
    <Filter Include="Source Files">
      <UniqueIdentifier>{4FC737F1-C7A5-4376-A066-2A32D752A2FF}</UniqueIdentifier>
      <Extensions>cpp;c;cc;cxx;def;odl;idl;hpj;bat;asm;asmx</Extensions>
    </Filter>
    <Filter Include="Header Files">
      <UniqueIdentifier>{93995380-89BD-4b04-88EB-625FBE52EBFB}</UniqueIdentifier>
      <Extensions>h;hpp;hxx;hm;inl;inc;xsd</Extensions>
    </Filter>
    <Filter Include="Resource Files">
      <UniqueIdentifier>{67DA6AB6-F800-4c08-8B7A-83BB121AAD01}</UniqueIdentifier>
      <Extensions>rc;ico;cur;bmp;dlg;rc2;rct;bin;rgs;gif;jpg;jpeg;jpe;resx;tiff;tif;png;wav;mfcribbon-ms</Extensions>
    </Filter>
    <Filter Include="Flownodes">
      <UniqueIdentifier>{28a955fb-9c24-4b59-a3b7-5e46dec51b50}</UniqueIdentifier>
    </Filter>
    <Filter Include="Tools">
      <UniqueIdentifier>{d3496141-8f33-446c-b803-62c8eb0feed9}</UniqueIdentifier>
      <Extensions>bat;astylerc</Extensions>
    </Filter>
    <Filter Include="Installer">
      <UniqueIdentifier>{e06efda0-8de4-46d3-9f56-e8e31b7a3c95}</UniqueIdentifier>
      <Extensions>nsi;nsh</Extensions>
    </Filter>
    <Filter Include="Header Files\TurbobadgerImpl">
      <UniqueIdentifier>{2e490383-ed68-4ecf-a852-119b29894107}</UniqueIdentifier>
    </Filter>
    <Filter Include="Source Files\TurbobadgerImpl">
      <UniqueIdentifier>{31ef69ac-221e-4e10-bf6e-44cfe0e50023}</UniqueIdentifier>
    </Filter>
    <Filter Include="Header Files\Utils">
      <UniqueIdentifier>{855d2a3e-419e-4e56-8409-c0decd24f992}</UniqueIdentifier>
    </Filter>
  </ItemGroup>
  <ItemGroup>
    <None Include="..\readme.md" />
    <None Include="..\changelog.md" />
    <None Include="..\tools\build.bat">
      <Filter>Tools</Filter>
    </None>
    <None Include="..\tools\codestyle.astylerc">
      <Filter>Tools</Filter>
    </None>
    <None Include="..\tools\stylecode.bat">
      <Filter>Tools</Filter>
    </None>
    <None Include="..\tools\build_installer.bat">
      <Filter>Installer</Filter>
    </None>
    <None Include="..\tools\TurboBadgerUI_Installer.nsi">
      <Filter>Installer</Filter>
    </None>
  </ItemGroup>
  <ItemGroup>
    <Text Include="..\license.txt" />
    <Text Include="..\authors.txt" />
  </ItemGroup>
  <ItemGroup>
    <ClCompile Include="..\src\StdAfx.cpp">
      <Filter>Source Files</Filter>
    </ClCompile>
    <ClCompile Include="..\src\CPluginTurboBadgerUIModule.cpp">
      <Filter>Source Files</Filter>
    </ClCompile>
    <ClCompile Include="..\src\CPluginTurboBadgerUI.cpp">
      <Filter>Source Files</Filter>
    </ClCompile>
    <ClCompile Include="..\src\CryTBFile.cpp">
      <Filter>Source Files\TurbobadgerImpl</Filter>
    </ClCompile>
    <ClCompile Include="..\src\CryTBSystem.cpp">
      <Filter>Source Files\TurbobadgerImpl</Filter>
    </ClCompile>
    <ClCompile Include="..\src\CryTBImageLoader.cpp">
      <Filter>Source Files\TurbobadgerImpl</Filter>
    </ClCompile>
    <ClCompile Include="..\src\CryTBClipboard.cpp">
      <Filter>Source Files\TurbobadgerImpl</Filter>
    </ClCompile>
    <ClCompile Include="..\src\CryTBBitmap.cpp">
      <Filter>Source Files\TurbobadgerImpl</Filter>
    </ClCompile>
    <ClCompile Include="..\src\CryTBRenderer.cpp">
      <Filter>Source Files\TurbobadgerImpl</Filter>
    </ClCompile>
  </ItemGroup>
  <ItemGroup>
    <ClInclude Include="..\src\StdAfx.h">
      <Filter>Header Files</Filter>
    </ClInclude>
    <ClInclude Include="..\src\CPluginTurboBadgerUI.h">
      <Filter>Header Files</Filter>
    </ClInclude>
    <ClInclude Include="..\inc\IPluginTurboBadgerUI.h">
      <Filter>Header Files</Filter>
    </ClInclude>
    <ClInclude Include="resource.h">
      <Filter>Resource Files</Filter>
    </ClInclude>
    <ClInclude Include="..\inc\CryTBFile.h">
      <Filter>Header Files\TurbobadgerImpl</Filter>
    </ClInclude>
    <ClInclude Include="..\inc\CryTBImageLoader.h">
      <Filter>Header Files\TurbobadgerImpl</Filter>
    </ClInclude>
    <ClInclude Include="..\inc\CryTBRenderer.h">
      <Filter>Header Files\TurbobadgerImpl</Filter>
    </ClInclude>
    <ClInclude Include="..\inc\CryTBBitmap.h">
      <Filter>Header Files\TurbobadgerImpl</Filter>
    </ClInclude>
    <ClInclude Include="..\inc\CryTBUIKeyUtils.h">
      <Filter>Header Files\Utils</Filter>
    </ClInclude>
  </ItemGroup>
  <ItemGroup>
    <ResourceCompile Include="version.rc">
      <Filter>Resource Files</Filter>
    </ResourceCompile>
  </ItemGroup>
</Project>